// !$*UTF8*$!
{
	archiveVersion = 1;
	classes = {
	};
	objectVersion = 46;
	objects = {

/* Begin PBXBuildFile section */
		035400641DF5EE0100E3915C /* Vaults.framework in Frameworks */ = {isa = PBXBuildFile; fileRef = 0354005A1DF5EE0100E3915C /* Vaults.framework */; };
		035400691DF5EE0100E3915C /* VaultsTests.swift in Sources */ = {isa = PBXBuildFile; fileRef = 035400681DF5EE0100E3915C /* VaultsTests.swift */; };
		0354006B1DF5EE0100E3915C /* Vaults.h in Headers */ = {isa = PBXBuildFile; fileRef = 0354005D1DF5EE0100E3915C /* Vaults.h */; settings = {ATTRIBUTES = (Public, ); }; };
		0354007F1DF5F6A900E3915C /* Adapter.swift in Sources */ = {isa = PBXBuildFile; fileRef = 035400741DF5F6A900E3915C /* Adapter.swift */; };
		035400821DF5F6A900E3915C /* KeyedArchiveAdapter.swift in Sources */ = {isa = PBXBuildFile; fileRef = 035400771DF5F6A900E3915C /* KeyedArchiveAdapter.swift */; };
		035400831DF5F6A900E3915C /* Model.swift in Sources */ = {isa = PBXBuildFile; fileRef = 035400781DF5F6A900E3915C /* Model.swift */; };
		035400841DF5F6A900E3915C /* MutableModel.swift in Sources */ = {isa = PBXBuildFile; fileRef = 035400791DF5F6A900E3915C /* MutableModel.swift */; };
		035400851DF5F6A900E3915C /* RESTAdapter.swift in Sources */ = {isa = PBXBuildFile; fileRef = 0354007A1DF5F6A900E3915C /* RESTAdapter.swift */; };
		035400861DF5F6A900E3915C /* SaveRequest.swift in Sources */ = {isa = PBXBuildFile; fileRef = 0354007B1DF5F6A900E3915C /* SaveRequest.swift */; };
		035400881DF5F6A900E3915C /* Vault.swift in Sources */ = {isa = PBXBuildFile; fileRef = 0354007D1DF5F6A900E3915C /* Vault.swift */; };
/* End PBXBuildFile section */

/* Begin PBXContainerItemProxy section */
		035400651DF5EE0100E3915C /* PBXContainerItemProxy */ = {
			isa = PBXContainerItemProxy;
			containerPortal = 035400511DF5EE0100E3915C /* Project object */;
			proxyType = 1;
			remoteGlobalIDString = 035400591DF5EE0100E3915C;
			remoteInfo = Vaults;
		};
/* End PBXContainerItemProxy section */

/* Begin PBXFileReference section */
		0354005A1DF5EE0100E3915C /* Vaults.framework */ = {isa = PBXFileReference; explicitFileType = wrapper.framework; includeInIndex = 0; path = Vaults.framework; sourceTree = BUILT_PRODUCTS_DIR; };
		0354005D1DF5EE0100E3915C /* Vaults.h */ = {isa = PBXFileReference; lastKnownFileType = sourcecode.c.h; path = Vaults.h; sourceTree = "<group>"; };
		0354005E1DF5EE0100E3915C /* Info.plist */ = {isa = PBXFileReference; lastKnownFileType = text.plist.xml; path = Info.plist; sourceTree = "<group>"; };
		035400631DF5EE0100E3915C /* VaultsTests.xctest */ = {isa = PBXFileReference; explicitFileType = wrapper.cfbundle; includeInIndex = 0; path = VaultsTests.xctest; sourceTree = BUILT_PRODUCTS_DIR; };
		035400681DF5EE0100E3915C /* VaultsTests.swift */ = {isa = PBXFileReference; lastKnownFileType = sourcecode.swift; path = VaultsTests.swift; sourceTree = "<group>"; };
		0354006A1DF5EE0100E3915C /* Info.plist */ = {isa = PBXFileReference; lastKnownFileType = text.plist.xml; path = Info.plist; sourceTree = "<group>"; };
		035400741DF5F6A900E3915C /* Adapter.swift */ = {isa = PBXFileReference; fileEncoding = 4; lastKnownFileType = sourcecode.swift; path = Adapter.swift; sourceTree = "<group>"; };
		035400771DF5F6A900E3915C /* KeyedArchiveAdapter.swift */ = {isa = PBXFileReference; fileEncoding = 4; lastKnownFileType = sourcecode.swift; path = KeyedArchiveAdapter.swift; sourceTree = "<group>"; };
		035400781DF5F6A900E3915C /* Model.swift */ = {isa = PBXFileReference; fileEncoding = 4; lastKnownFileType = sourcecode.swift; path = Model.swift; sourceTree = "<group>"; };
		035400791DF5F6A900E3915C /* MutableModel.swift */ = {isa = PBXFileReference; fileEncoding = 4; lastKnownFileType = sourcecode.swift; path = MutableModel.swift; sourceTree = "<group>"; };
		0354007A1DF5F6A900E3915C /* RESTAdapter.swift */ = {isa = PBXFileReference; fileEncoding = 4; lastKnownFileType = sourcecode.swift; path = RESTAdapter.swift; sourceTree = "<group>"; };
		0354007B1DF5F6A900E3915C /* SaveRequest.swift */ = {isa = PBXFileReference; fileEncoding = 4; lastKnownFileType = sourcecode.swift; path = SaveRequest.swift; sourceTree = "<group>"; };
		0354007D1DF5F6A900E3915C /* Vault.swift */ = {isa = PBXFileReference; fileEncoding = 4; lastKnownFileType = sourcecode.swift; path = Vault.swift; sourceTree = "<group>"; };
/* End PBXFileReference section */

/* Begin PBXFrameworksBuildPhase section */
		035400561DF5EE0100E3915C /* Frameworks */ = {
			isa = PBXFrameworksBuildPhase;
			buildActionMask = 2147483647;
			files = (
			);
			runOnlyForDeploymentPostprocessing = 0;
		};
		035400601DF5EE0100E3915C /* Frameworks */ = {
			isa = PBXFrameworksBuildPhase;
			buildActionMask = 2147483647;
			files = (
				035400641DF5EE0100E3915C /* Vaults.framework in Frameworks */,
			);
			runOnlyForDeploymentPostprocessing = 0;
		};
/* End PBXFrameworksBuildPhase section */

/* Begin PBXGroup section */
		035400501DF5EE0100E3915C = {
			isa = PBXGroup;
			children = (
				0354005C1DF5EE0100E3915C /* Vaults */,
				035400671DF5EE0100E3915C /* VaultsTests */,
				0354005B1DF5EE0100E3915C /* Products */,
			);
			sourceTree = "<group>";
		};
		0354005B1DF5EE0100E3915C /* Products */ = {
			isa = PBXGroup;
			children = (
				0354005A1DF5EE0100E3915C /* Vaults.framework */,
				035400631DF5EE0100E3915C /* VaultsTests.xctest */,
			);
			name = Products;
			sourceTree = "<group>";
		};
		0354005C1DF5EE0100E3915C /* Vaults */ = {
			isa = PBXGroup;
			children = (
				0354005D1DF5EE0100E3915C /* Vaults.h */,
				035400741DF5F6A900E3915C /* Adapter.swift */,
				035400771DF5F6A900E3915C /* KeyedArchiveAdapter.swift */,
				035400781DF5F6A900E3915C /* Model.swift */,
				035400791DF5F6A900E3915C /* MutableModel.swift */,
				0354007A1DF5F6A900E3915C /* RESTAdapter.swift */,
				0354007B1DF5F6A900E3915C /* SaveRequest.swift */,
				0354007D1DF5F6A900E3915C /* Vault.swift */,
				0354005E1DF5EE0100E3915C /* Info.plist */,
			);
			path = Vaults;
			sourceTree = "<group>";
		};
		035400671DF5EE0100E3915C /* VaultsTests */ = {
			isa = PBXGroup;
			children = (
				035400681DF5EE0100E3915C /* VaultsTests.swift */,
				0354006A1DF5EE0100E3915C /* Info.plist */,
			);
			path = VaultsTests;
			sourceTree = "<group>";
		};
/* End PBXGroup section */

/* Begin PBXHeadersBuildPhase section */
		035400571DF5EE0100E3915C /* Headers */ = {
			isa = PBXHeadersBuildPhase;
			buildActionMask = 2147483647;
			files = (
				0354006B1DF5EE0100E3915C /* Vaults.h in Headers */,
			);
			runOnlyForDeploymentPostprocessing = 0;
		};
/* End PBXHeadersBuildPhase section */

/* Begin PBXNativeTarget section */
		035400591DF5EE0100E3915C /* Vaults */ = {
			isa = PBXNativeTarget;
			buildConfigurationList = 0354006E1DF5EE0100E3915C /* Build configuration list for PBXNativeTarget "Vaults" */;
			buildPhases = (
				035400551DF5EE0100E3915C /* Sources */,
				035400561DF5EE0100E3915C /* Frameworks */,
				035400571DF5EE0100E3915C /* Headers */,
				035400581DF5EE0100E3915C /* Resources */,
			);
			buildRules = (
			);
			dependencies = (
			);
			name = Vaults;
			productName = Vaults;
			productReference = 0354005A1DF5EE0100E3915C /* Vaults.framework */;
			productType = "com.apple.product-type.framework";
		};
		035400621DF5EE0100E3915C /* VaultsTests */ = {
			isa = PBXNativeTarget;
			buildConfigurationList = 035400711DF5EE0100E3915C /* Build configuration list for PBXNativeTarget "VaultsTests" */;
			buildPhases = (
				0354005F1DF5EE0100E3915C /* Sources */,
				035400601DF5EE0100E3915C /* Frameworks */,
				035400611DF5EE0100E3915C /* Resources */,
			);
			buildRules = (
			);
			dependencies = (
				035400661DF5EE0100E3915C /* PBXTargetDependency */,
			);
			name = VaultsTests;
			productName = VaultsTests;
			productReference = 035400631DF5EE0100E3915C /* VaultsTests.xctest */;
			productType = "com.apple.product-type.bundle.unit-test";
		};
/* End PBXNativeTarget section */

/* Begin PBXProject section */
		035400511DF5EE0100E3915C /* Project object */ = {
			isa = PBXProject;
			attributes = {
				LastSwiftUpdateCheck = 0810;
				LastUpgradeCheck = 0810;
				ORGANIZATIONNAME = tomasbasham.co.uk;
				TargetAttributes = {
					035400591DF5EE0100E3915C = {
						CreatedOnToolsVersion = 8.1;
						DevelopmentTeam = 37LX7X2USX;
						LastSwiftMigration = 0810;
						ProvisioningStyle = Automatic;
					};
					035400621DF5EE0100E3915C = {
						CreatedOnToolsVersion = 8.1;
						DevelopmentTeam = 37LX7X2USX;
						ProvisioningStyle = Automatic;
					};
				};
			};
			buildConfigurationList = 035400541DF5EE0100E3915C /* Build configuration list for PBXProject "Vaults" */;
			compatibilityVersion = "Xcode 3.2";
			developmentRegion = English;
			hasScannedForEncodings = 0;
			knownRegions = (
				en,
			);
			mainGroup = 035400501DF5EE0100E3915C;
			productRefGroup = 0354005B1DF5EE0100E3915C /* Products */;
			projectDirPath = "";
			projectRoot = "";
			targets = (
				035400591DF5EE0100E3915C /* Vaults */,
				035400621DF5EE0100E3915C /* VaultsTests */,
			);
		};
/* End PBXProject section */

/* Begin PBXResourcesBuildPhase section */
		035400581DF5EE0100E3915C /* Resources */ = {
			isa = PBXResourcesBuildPhase;
			buildActionMask = 2147483647;
			files = (
			);
			runOnlyForDeploymentPostprocessing = 0;
		};
		035400611DF5EE0100E3915C /* Resources */ = {
			isa = PBXResourcesBuildPhase;
			buildActionMask = 2147483647;
			files = (
			);
			runOnlyForDeploymentPostprocessing = 0;
		};
/* End PBXResourcesBuildPhase section */

/* Begin PBXSourcesBuildPhase section */
		035400551DF5EE0100E3915C /* Sources */ = {
			isa = PBXSourcesBuildPhase;
			buildActionMask = 2147483647;
			files = (
				035400831DF5F6A900E3915C /* Model.swift in Sources */,
				035400851DF5F6A900E3915C /* RESTAdapter.swift in Sources */,
				035400881DF5F6A900E3915C /* Vault.swift in Sources */,
				035400821DF5F6A900E3915C /* KeyedArchiveAdapter.swift in Sources */,
				035400861DF5F6A900E3915C /* SaveRequest.swift in Sources */,
				0354007F1DF5F6A900E3915C /* Adapter.swift in Sources */,
				035400841DF5F6A900E3915C /* MutableModel.swift in Sources */,
			);
			runOnlyForDeploymentPostprocessing = 0;
		};
		0354005F1DF5EE0100E3915C /* Sources */ = {
			isa = PBXSourcesBuildPhase;
			buildActionMask = 2147483647;
			files = (
				035400691DF5EE0100E3915C /* VaultsTests.swift in Sources */,
			);
			runOnlyForDeploymentPostprocessing = 0;
		};
/* End PBXSourcesBuildPhase section */

/* Begin PBXTargetDependency section */
		035400661DF5EE0100E3915C /* PBXTargetDependency */ = {
			isa = PBXTargetDependency;
			target = 035400591DF5EE0100E3915C /* Vaults */;
			targetProxy = 035400651DF5EE0100E3915C /* PBXContainerItemProxy */;
		};
/* End PBXTargetDependency section */

/* Begin XCBuildConfiguration section */
		0354006C1DF5EE0100E3915C /* Debug */ = {
			isa = XCBuildConfiguration;
			buildSettings = {
				ALWAYS_SEARCH_USER_PATHS = NO;
				CLANG_ANALYZER_NONNULL = YES;
				CLANG_CXX_LANGUAGE_STANDARD = "gnu++0x";
				CLANG_CXX_LIBRARY = "libc++";
				CLANG_ENABLE_MODULES = YES;
				CLANG_ENABLE_OBJC_ARC = YES;
				CLANG_WARN_BOOL_CONVERSION = YES;
				CLANG_WARN_CONSTANT_CONVERSION = YES;
				CLANG_WARN_DIRECT_OBJC_ISA_USAGE = YES_ERROR;
				CLANG_WARN_DOCUMENTATION_COMMENTS = YES;
				CLANG_WARN_EMPTY_BODY = YES;
				CLANG_WARN_ENUM_CONVERSION = YES;
				CLANG_WARN_INFINITE_RECURSION = YES;
				CLANG_WARN_INT_CONVERSION = YES;
				CLANG_WARN_OBJC_ROOT_CLASS = YES_ERROR;
				CLANG_WARN_SUSPICIOUS_MOVES = YES;
				CLANG_WARN_UNREACHABLE_CODE = YES;
				CLANG_WARN__DUPLICATE_METHOD_MATCH = YES;
				"CODE_SIGN_IDENTITY[sdk=iphoneos*]" = "iPhone Developer";
				COPY_PHASE_STRIP = NO;
				CURRENT_PROJECT_VERSION = 1;
				DEBUG_INFORMATION_FORMAT = dwarf;
				ENABLE_STRICT_OBJC_MSGSEND = YES;
				ENABLE_TESTABILITY = YES;
				GCC_C_LANGUAGE_STANDARD = gnu99;
				GCC_DYNAMIC_NO_PIC = NO;
				GCC_NO_COMMON_BLOCKS = YES;
				GCC_OPTIMIZATION_LEVEL = 0;
				GCC_PREPROCESSOR_DEFINITIONS = (
					"DEBUG=1",
					"$(inherited)",
				);
				GCC_WARN_64_TO_32_BIT_CONVERSION = YES;
				GCC_WARN_ABOUT_RETURN_TYPE = YES_ERROR;
				GCC_WARN_UNDECLARED_SELECTOR = YES;
				GCC_WARN_UNINITIALIZED_AUTOS = YES_AGGRESSIVE;
				GCC_WARN_UNUSED_FUNCTION = YES;
				GCC_WARN_UNUSED_VARIABLE = YES;
				IPHONEOS_DEPLOYMENT_TARGET = 10.1;
				MTL_ENABLE_DEBUG_INFO = YES;
				ONLY_ACTIVE_ARCH = YES;
				SDKROOT = iphoneos;
				SWIFT_ACTIVE_COMPILATION_CONDITIONS = DEBUG;
				SWIFT_OPTIMIZATION_LEVEL = "-Onone";
				TARGETED_DEVICE_FAMILY = "1,2";
				VERSIONING_SYSTEM = "apple-generic";
				VERSION_INFO_PREFIX = "";
			};
			name = Debug;
		};
		0354006D1DF5EE0100E3915C /* Release */ = {
			isa = XCBuildConfiguration;
			buildSettings = {
				ALWAYS_SEARCH_USER_PATHS = NO;
				CLANG_ANALYZER_NONNULL = YES;
				CLANG_CXX_LANGUAGE_STANDARD = "gnu++0x";
				CLANG_CXX_LIBRARY = "libc++";
				CLANG_ENABLE_MODULES = YES;
				CLANG_ENABLE_OBJC_ARC = YES;
				CLANG_WARN_BOOL_CONVERSION = YES;
				CLANG_WARN_CONSTANT_CONVERSION = YES;
				CLANG_WARN_DIRECT_OBJC_ISA_USAGE = YES_ERROR;
				CLANG_WARN_DOCUMENTATION_COMMENTS = YES;
				CLANG_WARN_EMPTY_BODY = YES;
				CLANG_WARN_ENUM_CONVERSION = YES;
				CLANG_WARN_INFINITE_RECURSION = YES;
				CLANG_WARN_INT_CONVERSION = YES;
				CLANG_WARN_OBJC_ROOT_CLASS = YES_ERROR;
				CLANG_WARN_SUSPICIOUS_MOVES = YES;
				CLANG_WARN_UNREACHABLE_CODE = YES;
				CLANG_WARN__DUPLICATE_METHOD_MATCH = YES;
				"CODE_SIGN_IDENTITY[sdk=iphoneos*]" = "iPhone Developer";
				COPY_PHASE_STRIP = NO;
				CURRENT_PROJECT_VERSION = 1;
				DEBUG_INFORMATION_FORMAT = "dwarf-with-dsym";
				ENABLE_NS_ASSERTIONS = NO;
				ENABLE_STRICT_OBJC_MSGSEND = YES;
				GCC_C_LANGUAGE_STANDARD = gnu99;
				GCC_NO_COMMON_BLOCKS = YES;
				GCC_WARN_64_TO_32_BIT_CONVERSION = YES;
				GCC_WARN_ABOUT_RETURN_TYPE = YES_ERROR;
				GCC_WARN_UNDECLARED_SELECTOR = YES;
				GCC_WARN_UNINITIALIZED_AUTOS = YES_AGGRESSIVE;
				GCC_WARN_UNUSED_FUNCTION = YES;
				GCC_WARN_UNUSED_VARIABLE = YES;
				IPHONEOS_DEPLOYMENT_TARGET = 10.1;
				MTL_ENABLE_DEBUG_INFO = NO;
				SDKROOT = iphoneos;
				SWIFT_OPTIMIZATION_LEVEL = "-Owholemodule";
				TARGETED_DEVICE_FAMILY = "1,2";
				VALIDATE_PRODUCT = YES;
				VERSIONING_SYSTEM = "apple-generic";
				VERSION_INFO_PREFIX = "";
			};
			name = Release;
		};
		0354006F1DF5EE0100E3915C /* Debug */ = {
			isa = XCBuildConfiguration;
			buildSettings = {
				CLANG_ENABLE_MODULES = YES;
				CODE_SIGN_IDENTITY = "";
				DEFINES_MODULE = YES;
				DEVELOPMENT_TEAM = 37LX7X2USX;
				DYLIB_COMPATIBILITY_VERSION = 1;
				DYLIB_CURRENT_VERSION = 1;
				DYLIB_INSTALL_NAME_BASE = "@rpath";
				INFOPLIST_FILE = Vaults/Info.plist;
				INSTALL_PATH = "$(LOCAL_LIBRARY_DIR)/Frameworks";
				LD_RUNPATH_SEARCH_PATHS = "$(inherited) @executable_path/Frameworks @loader_path/Frameworks";
				PRODUCT_BUNDLE_IDENTIFIER = com.tomasbasham.Vaults;
				PRODUCT_NAME = "$(TARGET_NAME)";
				SKIP_INSTALL = YES;
				SWIFT_OPTIMIZATION_LEVEL = "-Onone";
				SWIFT_VERSION = 3.0;
			};
			name = Debug;
		};
		035400701DF5EE0100E3915C /* Release */ = {
			isa = XCBuildConfiguration;
			buildSettings = {
				CLANG_ENABLE_MODULES = YES;
				CODE_SIGN_IDENTITY = "";
				DEFINES_MODULE = YES;
				DEVELOPMENT_TEAM = 37LX7X2USX;
				DYLIB_COMPATIBILITY_VERSION = 1;
				DYLIB_CURRENT_VERSION = 1;
				DYLIB_INSTALL_NAME_BASE = "@rpath";
				INFOPLIST_FILE = Vaults/Info.plist;
				INSTALL_PATH = "$(LOCAL_LIBRARY_DIR)/Frameworks";
				LD_RUNPATH_SEARCH_PATHS = "$(inherited) @executable_path/Frameworks @loader_path/Frameworks";
				PRODUCT_BUNDLE_IDENTIFIER = com.tomasbasham.Vaults;
				PRODUCT_NAME = "$(TARGET_NAME)";
				SKIP_INSTALL = YES;
				SWIFT_VERSION = 3.0;
			};
			name = Release;
		};
		035400721DF5EE0100E3915C /* Debug */ = {
			isa = XCBuildConfiguration;
			buildSettings = {
				ALWAYS_EMBED_SWIFT_STANDARD_LIBRARIES = YES;
				DEVELOPMENT_TEAM = 37LX7X2USX;
				INFOPLIST_FILE = VaultsTests/Info.plist;
				LD_RUNPATH_SEARCH_PATHS = "$(inherited) @executable_path/Frameworks @loader_path/Frameworks";
				PRODUCT_BUNDLE_IDENTIFIER = com.tomasbasham.VaultsTests;
				PRODUCT_NAME = "$(TARGET_NAME)";
				SWIFT_VERSION = 3.0;
			};
			name = Debug;
		};
		035400731DF5EE0100E3915C /* Release */ = {
			isa = XCBuildConfiguration;
			buildSettings = {
				ALWAYS_EMBED_SWIFT_STANDARD_LIBRARIES = YES;
				DEVELOPMENT_TEAM = 37LX7X2USX;
				INFOPLIST_FILE = VaultsTests/Info.plist;
				LD_RUNPATH_SEARCH_PATHS = "$(inherited) @executable_path/Frameworks @loader_path/Frameworks";
				PRODUCT_BUNDLE_IDENTIFIER = com.tomasbasham.VaultsTests;
				PRODUCT_NAME = "$(TARGET_NAME)";
				SWIFT_VERSION = 3.0;
			};
			name = Release;
		};
/* End XCBuildConfiguration section */

/* Begin XCConfigurationList section */
		035400541DF5EE0100E3915C /* Build configuration list for PBXProject "Vaults" */ = {
			isa = XCConfigurationList;
			buildConfigurations = (
				0354006C1DF5EE0100E3915C /* Debug */,
				0354006D1DF5EE0100E3915C /* Release */,
			);
			defaultConfigurationIsVisible = 0;
			defaultConfigurationName = Release;
		};
		0354006E1DF5EE0100E3915C /* Build configuration list for PBXNativeTarget "Vaults" */ = {
			isa = XCConfigurationList;
			buildConfigurations = (
				0354006F1DF5EE0100E3915C /* Debug */,
				035400701DF5EE0100E3915C /* Release */,
			);
			defaultConfigurationIsVisible = 0;
			defaultConfigurationName = Release;
		};
		035400711DF5EE0100E3915C /* Build configuration list for PBXNativeTarget "VaultsTests" */ = {
			isa = XCConfigurationList;
			buildConfigurations = (
				035400721DF5EE0100E3915C /* Debug */,
				035400731DF5EE0100E3915C /* Release */,
			);
			defaultConfigurationIsVisible = 0;
			defaultConfigurationName = Release;
		};
/* End XCConfigurationList section */
	};
	rootObject = 035400511DF5EE0100E3915C /* Project object */;
}
